
Microsoft Visual Studio Solution File, Format Version 12.00
# Visual Studio Version 16
VisualStudioVersion = 16.0.29215.179
MinimumVisualStudioVersion = 10.0.40219.1
Project("{FAE04EC0-301F-11D3-BF4B-00C04F79EFBC}") = "DodgeBall", "DodgeBall.csproj", "{4D1B035E-004C-43D6-9900-9BECE70569C1}"
EndProject
Global
	GlobalSection(SolutionConfigurationPlatforms) = preSolution
		Debug|Any CPU = Debug|Any CPU
		Release|Any CPU = Release|Any CPU
	EndGlobalSection
	GlobalSection(ProjectConfigurationPlatforms) = postSolution
		{4D1B035E-004C-43D6-9900-9BECE70569C1}.Debug|Any CPU.ActiveCfg = Debug|Any CPU
		{4D1B035E-004C-43D6-9900-9BECE70569C1}.Debug|Any CPU.Build.0 = Debug|Any CPU
		{4D1B035E-004C-43D6-9900-9BECE70569C1}.Release|Any CPU.ActiveCfg = Release|Any CPU
		{4D1B035E-004C-43D6-9900-9BECE70569C1}.Release|Any CPU.Build.0 = Release|Any CPU
	EndGlobalSection
	GlobalSection(SolutionProperties) = preSolution
		HideSolutionNode = FALSE
	EndGlobalSection
	GlobalSection(ExtensibilityGlobals) = postSolution
		SolutionGuid = {5C72CC4F-FCFC-48F7-A06E-3CCB99D0AB10}
	EndGlobalSection
EndGlobal
